
Microsoft Visual Studio Solution File, Format Version 12.00
# Visual Studio 14
VisualStudioVersion = 14.0.25123.0
MinimumVisualStudioVersion = 10.0.40219.1
Project("{FAE04EC0-301F-11D3-BF4B-00C04F79EFBC}") = "ObserverPattern", "ObserverPattern\ObserverPattern.csproj", "{C014BA2B-ED6B-4150-8435-BF93CE96710A}"
EndProject
Project("{FAE04EC0-301F-11D3-BF4B-00C04F79EFBC}") = "EventDeligate", "EventDeligate\EventDeligate.csproj", "{59B603E7-0E85-4CD8-BF20-9709477799A5}"
EndProject
Global
	GlobalSection(SolutionConfigurationPlatforms) = preSolution
		Debug|Any CPU = Debug|Any CPU
		Release|Any CPU = Release|Any CPU
	EndGlobalSection
	GlobalSection(ProjectConfigurationPlatforms) = postSolution
		{C014BA2B-ED6B-4150-8435-BF93CE96710A}.Debug|Any CPU.ActiveCfg = Debug|Any CPU
		{C014BA2B-ED6B-4150-8435-BF93CE96710A}.Debug|Any CPU.Build.0 = Debug|Any CPU
		{C014BA2B-ED6B-4150-8435-BF93CE96710A}.Release|Any CPU.ActiveCfg = Release|Any CPU
		{C014BA2B-ED6B-4150-8435-BF93CE96710A}.Release|Any CPU.Build.0 = Release|Any CPU
		{59B603E7-0E85-4CD8-BF20-9709477799A5}.Debug|Any CPU.ActiveCfg = Debug|Any CPU
		{59B603E7-0E85-4CD8-BF20-9709477799A5}.Debug|Any CPU.Build.0 = Debug|Any CPU
		{59B603E7-0E85-4CD8-BF20-9709477799A5}.Release|Any CPU.ActiveCfg = Release|Any CPU
		{59B603E7-0E85-4CD8-BF20-9709477799A5}.Release|Any CPU.Build.0 = Release|Any CPU
	EndGlobalSection
	GlobalSection(SolutionProperties) = preSolution
		HideSolutionNode = FALSE
	EndGlobalSection
EndGlobal
