
Microsoft Visual Studio Solution File, Format Version 12.00
# Visual Studio 14
VisualStudioVersion = 14.0.25123.0
MinimumVisualStudioVersion = 10.0.40219.1
Project("{FAE04EC0-301F-11D3-BF4B-00C04F79EFBC}") = "CommandPattern", "CommandPattern\CommandPattern.csproj", "{B92B8AB4-7656-4C7A-9525-AE463BCEE419}"
EndProject
Project("{FAE04EC0-301F-11D3-BF4B-00C04F79EFBC}") = "BankingSystem", "BankingSystem\BankingSystem.csproj", "{C72CFE42-62A4-4319-89BF-547FE29F2864}"
EndProject
Global
	GlobalSection(SolutionConfigurationPlatforms) = preSolution
		Debug|Any CPU = Debug|Any CPU
		Release|Any CPU = Release|Any CPU
	EndGlobalSection
	GlobalSection(ProjectConfigurationPlatforms) = postSolution
		{B92B8AB4-7656-4C7A-9525-AE463BCEE419}.Debug|Any CPU.ActiveCfg = Debug|Any CPU
		{B92B8AB4-7656-4C7A-9525-AE463BCEE419}.Debug|Any CPU.Build.0 = Debug|Any CPU
		{B92B8AB4-7656-4C7A-9525-AE463BCEE419}.Release|Any CPU.ActiveCfg = Release|Any CPU
		{B92B8AB4-7656-4C7A-9525-AE463BCEE419}.Release|Any CPU.Build.0 = Release|Any CPU
		{C72CFE42-62A4-4319-89BF-547FE29F2864}.Debug|Any CPU.ActiveCfg = Debug|Any CPU
		{C72CFE42-62A4-4319-89BF-547FE29F2864}.Debug|Any CPU.Build.0 = Debug|Any CPU
		{C72CFE42-62A4-4319-89BF-547FE29F2864}.Release|Any CPU.ActiveCfg = Release|Any CPU
		{C72CFE42-62A4-4319-89BF-547FE29F2864}.Release|Any CPU.Build.0 = Release|Any CPU
	EndGlobalSection
	GlobalSection(SolutionProperties) = preSolution
		HideSolutionNode = FALSE
	EndGlobalSection
EndGlobal
